
Microsoft Visual Studio Solution File, Format Version 12.00
# Visual Studio Version 17
VisualStudioVersion = 17.11.35327.3
MinimumVisualStudioVersion = 10.0.40219.1
Project("{FAE04EC0-301F-11D3-BF4B-00C04F79EFBC}") = "6 lab", "6 lab.csproj", "{D791D8AA-843F-4012-AB25-619E8CD2A3A6}"
EndProject
Global
	GlobalSection(SolutionConfigurationPlatforms) = preSolution
		Debug|Any CPU = Debug|Any CPU
		Release|Any CPU = Release|Any CPU
	EndGlobalSection
	GlobalSection(ProjectConfigurationPlatforms) = postSolution
		{D791D8AA-843F-4012-AB25-619E8CD2A3A6}.Debug|Any CPU.ActiveCfg = Debug|Any CPU
		{D791D8AA-843F-4012-AB25-619E8CD2A3A6}.Debug|Any CPU.Build.0 = Debug|Any CPU
		{D791D8AA-843F-4012-AB25-619E8CD2A3A6}.Release|Any CPU.ActiveCfg = Release|Any CPU
		{D791D8AA-843F-4012-AB25-619E8CD2A3A6}.Release|Any CPU.Build.0 = Release|Any CPU
	EndGlobalSection
	GlobalSection(SolutionProperties) = preSolution
		HideSolutionNode = FALSE
	EndGlobalSection
	GlobalSection(ExtensibilityGlobals) = postSolution
		SolutionGuid = {E582D1A8-6059-4120-8D5A-99CBB3C357B0}
	EndGlobalSection
EndGlobal
